
Microsoft Visual Studio Solution File, Format Version 12.00
# Visual Studio Version 17
VisualStudioVersion = 17.2.32630.192
MinimumVisualStudioVersion = 10.0.40219.1
Project("{9A19103F-16F7-4668-BE54-9A1E7A4F7556}") = "TestProject1", "years\2019\day-2019-01\Solution\TestProject1\TestProject1\TestProject1.csproj", "{64A4675D-330E-48F9-8515-5193FCF208F1}"
EndProject
Project("{2150E333-8FDC-42A3-9474-1A3956D46DE8}") = "2019", "2019", "{6CB68C67-9146-40C3-A5E1-AFF47C19A7C3}"
	ProjectSection(SolutionItems) = preProject
		SSoTmeProject.json = SSoTmeProject.json
	EndProjectSection
EndProject
Project("{2150E333-8FDC-42A3-9474-1A3956D46DE8}") = "Day01", "Day01", "{A910C5E5-551B-490D-92FD-70D8ADF12A66}"
	ProjectSection(SolutionItems) = preProject
		years\2019\day-2019-01\ODXML\DataSchema.odxml = years\2019\day-2019-01\ODXML\DataSchema.odxml
	EndProjectSection
EndProject
Project("{2150E333-8FDC-42A3-9474-1A3956D46DE8}") = "Day02", "Day02", "{BF23B4C1-F263-48F5-A18B-05DA975DC486}"
	ProjectSection(SolutionItems) = preProject
		years\2019\day-2019-02\ODXML\DataSchema.odxml = years\2019\day-2019-02\ODXML\DataSchema.odxml
		years\2019\day-2019-02\SSoT\Entities.json = years\2019\day-2019-02\SSoT\Entities.json
	EndProjectSection
EndProject
Project("{9A19103F-16F7-4668-BE54-9A1E7A4F7556}") = "TestProject2", "years\2019\day-2019-02\Solution\TestProject2\TestProject2\TestProject2.csproj", "{A9085F48-63B9-4036-BB9C-31FEABBEABD1}"
EndProject
Project("{2150E333-8FDC-42A3-9474-1A3956D46DE8}") = "2022", "2022", "{6BAFF12A-0B6B-48AA-A8F5-B95FE3DBCBAD}"
EndProject
Project("{2150E333-8FDC-42A3-9474-1A3956D46DE8}") = "Day-01", "Day-01", "{9D275C89-8BA5-4AF9-972E-1CD59D15043B}"
	ProjectSection(SolutionItems) = preProject
		years\2022\day-2022-01\TestProject3\data.txt = years\2022\day-2022-01\TestProject3\data.txt
		years\2022\day-2022-01\TestProject3\README.md = years\2022\day-2022-01\TestProject3\README.md
	EndProjectSection
EndProject
Project("{9A19103F-16F7-4668-BE54-9A1E7A4F7556}") = "TestProject3", "years\2022\day-2022-01\TestProject3\TestProject3.csproj", "{9F58E3C5-9378-4398-BA9C-09C0818887D0}"
EndProject
Project("{2150E333-8FDC-42A3-9474-1A3956D46DE8}") = "Day-02", "Day-02", "{B5D44A39-41ED-4B83-9033-72DE169BE1F2}"
	ProjectSection(SolutionItems) = preProject
		years\2022\day-2022-02\SSoT\Airtable.xml = years\2022\day-2022-02\SSoT\Airtable.xml
		years\2022\day-2022-02\SSoT\CreateDay2XML.xslt = years\2022\day-2022-02\SSoT\CreateDay2XML.xslt
		years\2022\day-2022-02\docs\CreateDocs.xslt = years\2022\day-2022-02\docs\CreateDocs.xslt
		years\2022\day-2022-02\Data.xml = years\2022\day-2022-02\Data.xml
		years\2022\day-2022-02\SSoT\Day02.json = years\2022\day-2022-02\SSoT\Day02.json
		years\2022\day-2022-02\SSoT\Day02.xml = years\2022\day-2022-02\SSoT\Day02.xml
		years\2022\day-2022-02\README.md = years\2022\day-2022-02\README.md
		years\2022\day-2022-02\docs\RockPaperScissors.md = years\2022\day-2022-02\docs\RockPaperScissors.md
		years\2022\day-2022-02\sample-data.txt = years\2022\day-2022-02\sample-data.txt
	EndProjectSection
EndProject
Project("{FAE04EC0-301F-11D3-BF4B-00C04F79EFBC}") = "TestProject4", "years\2022\day-2022-02\TestProject4\TestProject4.csproj", "{4EE7677E-8C2B-48A9-88EC-BF6445BA7746}"
EndProject
Project("{FAE04EC0-301F-11D3-BF4B-00C04F79EFBC}") = "TestProject5", "years\2022\day-2022-03\TestProject5\TestProject5.csproj", "{392AA42C-61AD-4F1E-B76D-D5FFFB857B43}"
EndProject
Project("{2150E333-8FDC-42A3-9474-1A3956D46DE8}") = "Day-03", "Day-03", "{77B3B6F3-BD6F-4936-A050-1486718F6D8E}"
EndProject
Global
	GlobalSection(SolutionConfigurationPlatforms) = preSolution
		Debug|Any CPU = Debug|Any CPU
		Release|Any CPU = Release|Any CPU
	EndGlobalSection
	GlobalSection(ProjectConfigurationPlatforms) = postSolution
		{64A4675D-330E-48F9-8515-5193FCF208F1}.Debug|Any CPU.ActiveCfg = Debug|Any CPU
		{64A4675D-330E-48F9-8515-5193FCF208F1}.Debug|Any CPU.Build.0 = Debug|Any CPU
		{64A4675D-330E-48F9-8515-5193FCF208F1}.Release|Any CPU.ActiveCfg = Release|Any CPU
		{64A4675D-330E-48F9-8515-5193FCF208F1}.Release|Any CPU.Build.0 = Release|Any CPU
		{A9085F48-63B9-4036-BB9C-31FEABBEABD1}.Debug|Any CPU.ActiveCfg = Debug|Any CPU
		{A9085F48-63B9-4036-BB9C-31FEABBEABD1}.Debug|Any CPU.Build.0 = Debug|Any CPU
		{A9085F48-63B9-4036-BB9C-31FEABBEABD1}.Release|Any CPU.ActiveCfg = Release|Any CPU
		{A9085F48-63B9-4036-BB9C-31FEABBEABD1}.Release|Any CPU.Build.0 = Release|Any CPU
		{9F58E3C5-9378-4398-BA9C-09C0818887D0}.Debug|Any CPU.ActiveCfg = Debug|Any CPU
		{9F58E3C5-9378-4398-BA9C-09C0818887D0}.Debug|Any CPU.Build.0 = Debug|Any CPU
		{9F58E3C5-9378-4398-BA9C-09C0818887D0}.Release|Any CPU.ActiveCfg = Release|Any CPU
		{9F58E3C5-9378-4398-BA9C-09C0818887D0}.Release|Any CPU.Build.0 = Release|Any CPU
		{4EE7677E-8C2B-48A9-88EC-BF6445BA7746}.Debug|Any CPU.ActiveCfg = Debug|Any CPU
		{4EE7677E-8C2B-48A9-88EC-BF6445BA7746}.Debug|Any CPU.Build.0 = Debug|Any CPU
		{4EE7677E-8C2B-48A9-88EC-BF6445BA7746}.Release|Any CPU.ActiveCfg = Release|Any CPU
		{4EE7677E-8C2B-48A9-88EC-BF6445BA7746}.Release|Any CPU.Build.0 = Release|Any CPU
		{392AA42C-61AD-4F1E-B76D-D5FFFB857B43}.Debug|Any CPU.ActiveCfg = Debug|Any CPU
		{392AA42C-61AD-4F1E-B76D-D5FFFB857B43}.Debug|Any CPU.Build.0 = Debug|Any CPU
		{392AA42C-61AD-4F1E-B76D-D5FFFB857B43}.Release|Any CPU.ActiveCfg = Release|Any CPU
		{392AA42C-61AD-4F1E-B76D-D5FFFB857B43}.Release|Any CPU.Build.0 = Release|Any CPU
	EndGlobalSection
	GlobalSection(SolutionProperties) = preSolution
		HideSolutionNode = FALSE
	EndGlobalSection
	GlobalSection(NestedProjects) = preSolution
		{64A4675D-330E-48F9-8515-5193FCF208F1} = {A910C5E5-551B-490D-92FD-70D8ADF12A66}
		{A910C5E5-551B-490D-92FD-70D8ADF12A66} = {6CB68C67-9146-40C3-A5E1-AFF47C19A7C3}
		{BF23B4C1-F263-48F5-A18B-05DA975DC486} = {6CB68C67-9146-40C3-A5E1-AFF47C19A7C3}
		{A9085F48-63B9-4036-BB9C-31FEABBEABD1} = {BF23B4C1-F263-48F5-A18B-05DA975DC486}
		{9D275C89-8BA5-4AF9-972E-1CD59D15043B} = {6BAFF12A-0B6B-48AA-A8F5-B95FE3DBCBAD}
		{9F58E3C5-9378-4398-BA9C-09C0818887D0} = {9D275C89-8BA5-4AF9-972E-1CD59D15043B}
		{B5D44A39-41ED-4B83-9033-72DE169BE1F2} = {6BAFF12A-0B6B-48AA-A8F5-B95FE3DBCBAD}
		{4EE7677E-8C2B-48A9-88EC-BF6445BA7746} = {B5D44A39-41ED-4B83-9033-72DE169BE1F2}
		{392AA42C-61AD-4F1E-B76D-D5FFFB857B43} = {77B3B6F3-BD6F-4936-A050-1486718F6D8E}
		{77B3B6F3-BD6F-4936-A050-1486718F6D8E} = {6BAFF12A-0B6B-48AA-A8F5-B95FE3DBCBAD}
	EndGlobalSection
	GlobalSection(ExtensibilityGlobals) = postSolution
		SolutionGuid = {1AEAF08A-37DD-488C-A49F-0DF6DC854BCF}
	EndGlobalSection
EndGlobal
